github.com/drakmail/go-speech v0.0.0-20150204134933-f7afccb9db85 h1:ASgclVkZnXZA/wRtEy/MMla0SqGCmk1t34DZ/pLl9dE=
github.com/drakmail/go-speech v0.0.0-20150204134933-f7afccb9db85/go.mod h1:+/jvjAy8caoGmM0eO9R7Wj6Z6Yu85toIDiSkLw0CdXQ=
github.com/gen2brain/malgo v0.11.10 h1:u41QchDBS7Z2rwEVPu7uycK6HA8IyzKoUOhLU7IvYW4=
github.com/gen2brain/malgo v0.11.10/go.mod h1:f9TtuN7DVrXMiV/yIceMeWpvanyVzJQMlBecJFVMxww=
github.com/go-ego/gse v0.80.2 h1:3LRfkaBuwlsHsmkOZvnhTcsYPXUAhiP06Sqcid7mO1M=
github.com/go-ego/gse v0.80.2/go.mod h1:kesekpZfcFQ/kwd9b27VZHUOH5dQUjaaQUZ4OGt4Hj4=
github.com/gordonklaus/portaudio v0.0.0-20221027163845-7c3b689db3cc h1:yYLpN7bJxKYILKnk20oczGQOQd2h3/7z7/cxdD9Se/I=
github.com/gordonklaus/portaudio v0.0.0-20221027163845-7c3b689db3cc/go.mod h1:WY8R6YKlI2ZI3UyzFk7P6yGSuS+hFwNtEzrexRyD7Es=
github.com/inancgumus/screen v0.0.0-20190314163918-06e984b86ed3 h1:fO9A67/izFYFYky7l1pDP5Dr0BTCRkaQJUG6Jm5ehsk=
github.com/inancgumus/screen v0.0.0-20190314163918-06e984b86ed3/go.mod h1:Ey4uAp+LvIl+s5jRbOHLcZpUDnkjLBROl15fZLwPlTM=
github.com/vcaesar/cedar v0.20.1 h1:cDOmYWdprO7ZW8cngJrDi8Zivnscj9dA/y8Y+2SB1P0=
github.com/vcaesar/cedar v0.20.1/go.mod h1:iMDweyuW76RvSrCkQeZeQk4iCbshiPzcCvcGCtpM7iI=
golang.org/x/crypto v0.7.0 h1:AvwMYaRytfdeVt3u6mLaxYtErKYjxA2OXjJ1HHq6t3A=
golang.org/x/crypto v0.7.0/go.mod h1:pYwdfH91IfpZVANVyUOhSIPZaFoJGxTFbZhFTx+dXZU=
golang.org/x/sys v0.6.0 h1:MVltZSvRTcU2ljQOhs94SXPftV6DCNnZViHeQps87pQ=
golang.org/x/sys v0.6.0/go.mod h1:oPkhp1MJrh7nUepCBck5+mAzfO9JrbApNNgaTdGDITg=
golang.org/x/term v0.6.0 h1:clScbb1cHjoCkyRbWwBEUZ5H/tIFu5TAXIqaZD0Gcjw=
golang.org/x/term v0.6.0/go.mod h1:m6U89DPEgQRMq3DNkDClhWw02AUbt2daBVO4cn4Hv9U=
